
Microsoft Visual Studio Solution File, Format Version 12.00
# Visual Studio 15
VisualStudioVersion = 15.0.27703.2035
MinimumVisualStudioVersion = 10.0.40219.1
Project("{FAE04EC0-301F-11D3-BF4B-00C04F79EFBC}") = "MangalaGameLib", "MangalaGameLib\MangalaGameLib.csproj", "{DF728B99-B777-4707-92E5-7820DB9B5EA4}"
EndProject
Global
	GlobalSection(SolutionConfigurationPlatforms) = preSolution
		Debug|Any CPU = Debug|Any CPU
		Release|Any CPU = Release|Any CPU
	EndGlobalSection
	GlobalSection(ProjectConfigurationPlatforms) = postSolution
		{DF728B99-B777-4707-92E5-7820DB9B5EA4}.Debug|Any CPU.ActiveCfg = Debug|Any CPU
		{DF728B99-B777-4707-92E5-7820DB9B5EA4}.Debug|Any CPU.Build.0 = Debug|Any CPU
		{DF728B99-B777-4707-92E5-7820DB9B5EA4}.Release|Any CPU.ActiveCfg = Release|Any CPU
		{DF728B99-B777-4707-92E5-7820DB9B5EA4}.Release|Any CPU.Build.0 = Release|Any CPU
	EndGlobalSection
	GlobalSection(SolutionProperties) = preSolution
		HideSolutionNode = FALSE
	EndGlobalSection
	GlobalSection(ExtensibilityGlobals) = postSolution
		SolutionGuid = {935B1F78-C61B-455B-8DB2-56941B3CF907}
	EndGlobalSection
EndGlobal
